
Microsoft Visual Studio Solution File, Format Version 12.00
# Visual Studio Version 16
VisualStudioVersion = 16.0.29306.81
MinimumVisualStudioVersion = 10.0.40219.1
Project("{FAE04EC0-301F-11D3-BF4B-00C04F79EFBC}") = "CharacterGenerator", "CharacterGenerator\CharacterGenerator.csproj", "{2A1F4FD5-29C4-480B-AF62-9E570C01DADB}"
EndProject
Global
	GlobalSection(SolutionConfigurationPlatforms) = preSolution
		Debug|Any CPU = Debug|Any CPU
		Release|Any CPU = Release|Any CPU
	EndGlobalSection
	GlobalSection(ProjectConfigurationPlatforms) = postSolution
		{2A1F4FD5-29C4-480B-AF62-9E570C01DADB}.Debug|Any CPU.ActiveCfg = Debug|Any CPU
		{2A1F4FD5-29C4-480B-AF62-9E570C01DADB}.Debug|Any CPU.Build.0 = Debug|Any CPU
		{2A1F4FD5-29C4-480B-AF62-9E570C01DADB}.Release|Any CPU.ActiveCfg = Release|Any CPU
		{2A1F4FD5-29C4-480B-AF62-9E570C01DADB}.Release|Any CPU.Build.0 = Release|Any CPU
	EndGlobalSection
	GlobalSection(SolutionProperties) = preSolution
		HideSolutionNode = FALSE
	EndGlobalSection
	GlobalSection(ExtensibilityGlobals) = postSolution
		SolutionGuid = {46DB6972-3742-4CF8-8B94-3BBA41417716}
	EndGlobalSection
EndGlobal
